
Microsoft Visual Studio Solution File, Format Version 12.00
# Visual Studio Version 17
VisualStudioVersion = 17.12.35521.163
MinimumVisualStudioVersion = 10.0.40219.1
Project("{FAE04EC0-301F-11D3-BF4B-00C04F79EFBC}") = "CadastroAlunoFiap.Api", "CadastroAlunoFiap\CadastroAlunoFiap.Api.csproj", "{73C421AA-65B3-4D13-A518-99FD7F7BD9A4}"
EndProject
Project("{FAE04EC0-301F-11D3-BF4B-00C04F79EFBC}") = "CadastroAlunoFiap.Tests", "CadastroAlunoFiap.Tests\CadastroAlunoFiap.Tests.csproj", "{4F30954F-84FD-40D6-A698-B03211B84D24}"
EndProject
Project("{FAE04EC0-301F-11D3-BF4B-00C04F79EFBC}") = "CadastroAlunoFiap.Client", "CadastroAlunoFiap.Client\CadastroAlunoFiap.Client.csproj", "{78D910BF-B631-4213-B300-6D5408D1521E}"
EndProject
Global
	GlobalSection(SolutionConfigurationPlatforms) = preSolution
		Debug|Any CPU = Debug|Any CPU
		Release|Any CPU = Release|Any CPU
	EndGlobalSection
	GlobalSection(ProjectConfigurationPlatforms) = postSolution
		{73C421AA-65B3-4D13-A518-99FD7F7BD9A4}.Debug|Any CPU.ActiveCfg = Debug|Any CPU
		{73C421AA-65B3-4D13-A518-99FD7F7BD9A4}.Debug|Any CPU.Build.0 = Debug|Any CPU
		{73C421AA-65B3-4D13-A518-99FD7F7BD9A4}.Release|Any CPU.ActiveCfg = Release|Any CPU
		{73C421AA-65B3-4D13-A518-99FD7F7BD9A4}.Release|Any CPU.Build.0 = Release|Any CPU
		{4F30954F-84FD-40D6-A698-B03211B84D24}.Debug|Any CPU.ActiveCfg = Debug|Any CPU
		{4F30954F-84FD-40D6-A698-B03211B84D24}.Debug|Any CPU.Build.0 = Debug|Any CPU
		{4F30954F-84FD-40D6-A698-B03211B84D24}.Release|Any CPU.ActiveCfg = Release|Any CPU
		{4F30954F-84FD-40D6-A698-B03211B84D24}.Release|Any CPU.Build.0 = Release|Any CPU
		{78D910BF-B631-4213-B300-6D5408D1521E}.Debug|Any CPU.ActiveCfg = Debug|Any CPU
		{78D910BF-B631-4213-B300-6D5408D1521E}.Debug|Any CPU.Build.0 = Debug|Any CPU
		{78D910BF-B631-4213-B300-6D5408D1521E}.Release|Any CPU.ActiveCfg = Release|Any CPU
		{78D910BF-B631-4213-B300-6D5408D1521E}.Release|Any CPU.Build.0 = Release|Any CPU
	EndGlobalSection
	GlobalSection(SolutionProperties) = preSolution
		HideSolutionNode = FALSE
	EndGlobalSection
EndGlobal
